github.com/andybalholm/brotli v1.2.6 h1:ftYnfj6usCp+UGV5kSJ3+chpMQgU+gJf/AxsUQ52REI=
github.com/andybalholm/brotli v1.2.6/go.mod h1:rzTDkvFWvIrjDXZHkuS16NPggd91W3kUSvPlQ1pLaKY=
github.com/bahlo/generic-list-go v0.2.0 h1:5sz/EEAK+ls5wF+NeqDpk5+iNdMDXrh3z3nPnH1Wvgk=
github.com/bahlo/generic-list-go v0.2.0/go.mod h1:2KvAjgMlE5NNynlg/5iLrrCCZ2+5xWbdbCW3pNTGyYg=
github.com/buger/jsonparser v1.6.1 h1:I0phFv0PlbLHnM7TZAVjZ2MJ2/eWRTDyuO7GLR98IEs=
github.com/buger/jsonparser v1.6.1/go.mod h1:6RYKKt7H4d4+iWqouImQ9R2FZql3VbhNgx27UK13J/0=
github.com/google/go-cmp v0.7.0 h1:wk8382ETsv4JYUZwIsn6YpYiWiBsYLSJiTsyBybVuN8=
github.com/google/go-cmp v0.7.0/go.mod h1:pXiqmnSA92OHEEa9HXL2W4E7lf9JzCmGVUdgjX3N/iU=
github.com/invopop/jsonschema v0.14.0 h1:MHQqLhvpNUZfw+hM3AZDYK7jxO8FZoQeQM77g8iyZjg=
github.com/invopop/jsonschema v0.14.0/go.mod h1:ygm6C2EaVNMBDPpaPlnOA2pFAxBnxGjFlMZABxm9n2I=
github.com/klauspost/compress v1.20.1 h1:T7kKElXUMXrUJ2E9QhQhxFtcK5rPyLdsGZvdbLMPdiQ=
github.com/klauspost/compress v1.20.1/go.mod h1:LUdAzn7YLVvxLpc7y3V1m40wESHTgc1422pwwBSKYuI=
github.com/maruel/genai v0.10.0 h1:0zJJXV45q5J8BFva3F4BWMaRSt/GSHv3SRicMrt8+b0=
github.com/maruel/genai v0.10.0/go.mod h1:SdPjQFSU81PxF8jB+kvN40X05ZO+XFGABoFWNxx3k6k=
github.com/maruel/httpjson v0.5.3 h1:GXxDoiaMJyax0nMR0RfefzDiKd86lbMeqPIgkoFqI2I=
github.com/maruel/httpjson v0.5.3/go.mod h1:YJmWM63IM6ykT1NKm67b5Cuhshl1JUXuxFnmnqmr5Rg=
github.com/maruel/roundtrippers v0.5.1 h1:ztW+4P91AV2e1ifzRnw7XG593IFn7po4Z3hdxMXzACQ=
github.com/maruel/roundtrippers v0.5.1/go.mod h1:kHWviSJgP/hqhne4GgsqhkKvvoLXBt1OhtIM0cWbpco=
github.com/pb33f/go-yaml v0.1.1 h1:yWGmhVdwzionRnSc/hEJwcfq6PaZL2QdYzyReXBbX7Q=
github.com/pb33f/go-yaml v0.1.1/go.mod h1:QvWdkHP5VjFYAeHMQUkaPQqREaQnBNOXmWzAjNrnSdo=
github.com/pb33f/ordered-map/v2 v2.3.2 h1:wDyaZ2Pv9QLh64X4utCeD5Zoi9nIv2aW3lwv172O5PQ=
github.com/pb33f/ordered-map/v2 v2.3.2/go.mod h1:1OhFrXu3OYw3kM+FXF+Ug3ugmmZ9LE8z0JfQMLvtV0w=
github.com/stretchr/testify v1.12.1 h1:EuwCh5fleGS7H32xRwO3wRGT7DxrDhLAT6FF8MpWDWE=
github.com/stretchr/testify v1.12.1/go.mod h1:MDEgiDPPsNp5cuIrHPPCyornHKgEVbtFUmoNlxoYthg=
github.com/xyproto/randomstring v1.0.5 h1:YtlWPoRdgMu3NZtP45drfy1GKoojuR7hmRcnhZqKjWU=
github.com/xyproto/randomstring v1.0.5/go.mod h1:rgmS5DeNXLivK7YprL0pY+lTuhNQW3iGxZ18UQApw/E=
go.yaml.in/yaml/v3 v3.0.5 h1:N6y/pJk8buWs9NY5ERU2HSMfm+IuD/OtfdAnq6kESPw=
go.yaml.in/yaml/v3 v3.0.5/go.mod h1:HVTZu1O7/Vkt2N+BFy8Zza+lnLsABggaTM2ZpNIGuKg=
go.yaml.in/yaml/v4 v4.0.0-rc.6 h1:1h7H1ohdUh93/FyE4YaDa1Zh64K6VVbjF4K6WUxMtH4=
go.yaml.in/yaml/v4 v4.0.0-rc.6/go.mod h1:aZqd9kCMsGL7AuUv/m/PvWLdg5sjJsZ4oHDEnfPPfY0=
golang.org/x/sync v0.23.0 h1:KameEIfc1IkluZyXWLn39Wd4tURc6GbCiISGiZm2bQk=
golang.org/x/sync v0.23.0/go.mod h1:sUUOizhqBxiL6pEWpqNLUiaJn1ShEbZ6BBqskPbjZm0=
gopkg.in/dnaeon/go-vcr.v4 v4.0.7 h1:Mq/RF+mq3QwtEunJSsoTbYPt3elSAmdJhAxrEaqr88I=
gopkg.in/dnaeon/go-vcr.v4 v4.0.7/go.mod h1:cRwV/njsN/D8qNJu4NAXWswz6b4OUh3rMIu4SObbLBg=
